
Microsoft Visual Studio Solution File, Format Version 12.00
# Visual Studio Version 17
VisualStudioVersion = 17.1.32210.238
MinimumVisualStudioVersion = 10.0.40219.1
Project("{FAE04EC0-301F-11D3-BF4B-00C04F79EFBC}") = "It-hosting", "It-hosting\It-hosting.csproj", "{C562E0F7-E6A8-497C-B116-D960ACF62064}"
EndProject
Global
	GlobalSection(SolutionConfigurationPlatforms) = preSolution
		Debug|Any CPU = Debug|Any CPU
		Release|Any CPU = Release|Any CPU
	EndGlobalSection
	GlobalSection(ProjectConfigurationPlatforms) = postSolution
		{C562E0F7-E6A8-497C-B116-D960ACF62064}.Debug|Any CPU.ActiveCfg = Debug|Any CPU
		{C562E0F7-E6A8-497C-B116-D960ACF62064}.Debug|Any CPU.Build.0 = Debug|Any CPU
		{C562E0F7-E6A8-497C-B116-D960ACF62064}.Release|Any CPU.ActiveCfg = Release|Any CPU
		{C562E0F7-E6A8-497C-B116-D960ACF62064}.Release|Any CPU.Build.0 = Release|Any CPU
	EndGlobalSection
	GlobalSection(SolutionProperties) = preSolution
		HideSolutionNode = FALSE
	EndGlobalSection
	GlobalSection(ExtensibilityGlobals) = postSolution
		SolutionGuid = {C5B73622-F253-4C41-8CA2-C698AE3C44C8}
	EndGlobalSection
EndGlobal
